
Microsoft Visual Studio Solution File, Format Version 12.00
# Visual Studio Version 17
VisualStudioVersion = 17.5.33414.496
MinimumVisualStudioVersion = 10.0.40219.1
Project("{9A19103F-16F7-4668-BE54-9A1E7A4F7556}") = "Utilizr.Logging", "Utilizr.Logging\Utilizr.Logging.csproj", "{548FA421-6F71-4DFF-96C5-76AA39C788A8}"
EndProject
Project("{9A19103F-16F7-4668-BE54-9A1E7A4F7556}") = "Utilizr.Globalisation", "Utilizr.Globalisation\Utilizr.Globalisation.csproj", "{BFBF5645-00EF-4CBC-8B15-D71FB96B1612}"
EndProject
Project("{9A19103F-16F7-4668-BE54-9A1E7A4F7556}") = "Utilizr", "Utilizr\Utilizr.csproj", "{B3197749-F043-432D-8C79-440FBF19D21F}"
EndProject
Project("{9A19103F-16F7-4668-BE54-9A1E7A4F7556}") = "Utilizr.Win32", "Utilizr.Win32\Utilizr.Win32.csproj", "{7F2DD9FB-4EB4-4A79-94A7-E144DCA5DA19}"
EndProject
Project("{9A19103F-16F7-4668-BE54-9A1E7A4F7556}") = "Utilizr.WPF", "Utilizr.WPF\Utilizr.WPF.csproj", "{DD043FCF-124F-4AA8-80BB-06CBD807EF2A}"
EndProject
Project("{9A19103F-16F7-4668-BE54-9A1E7A4F7556}") = "Utilizr.Win", "Utilizr.Win\Utilizr.Win.csproj", "{518A75D9-D30E-470A-B465-0A4B3D33E15E}"
EndProject
Project("{9A19103F-16F7-4668-BE54-9A1E7A4F7556}") = "Utilizr.Tests", "Utilizr.Tests\Utilizr.Tests.csproj", "{02CECBC4-9DEE-4CEC-AF72-4392753C814A}"
EndProject
Project("{FAE04EC0-301F-11D3-BF4B-00C04F79EFBC}") = "Utilizr.Globalisation.Tests", "Utilizr.Globalisation.Tests\Utilizr.Globalisation.Tests.csproj", "{5EDC6208-550D-4846-9F5B-7F95030C3CAB}"
EndProject
Project("{FAE04EC0-301F-11D3-BF4B-00C04F79EFBC}") = "Utilizr.Logging.Tests", "Utilizr.Logging.Tests\Utilizr.Logging.Tests.csproj", "{45A0E024-5B87-4839-B67B-9D03D0B0B216}"
EndProject
Project("{FAE04EC0-301F-11D3-BF4B-00C04F79EFBC}") = "Utilizr.Win.Tests", "Utilizr.Win.Tests\Utilizr.Win.Tests.csproj", "{4B54000C-3878-4300-BDD2-30FB4B45CE3D}"
EndProject
Global
	GlobalSection(SolutionConfigurationPlatforms) = preSolution
		Debug|Any CPU = Debug|Any CPU
		Release|Any CPU = Release|Any CPU
	EndGlobalSection
	GlobalSection(ProjectConfigurationPlatforms) = postSolution
		{548FA421-6F71-4DFF-96C5-76AA39C788A8}.Debug|Any CPU.ActiveCfg = Debug|Any CPU
		{548FA421-6F71-4DFF-96C5-76AA39C788A8}.Debug|Any CPU.Build.0 = Debug|Any CPU
		{548FA421-6F71-4DFF-96C5-76AA39C788A8}.Release|Any CPU.ActiveCfg = Release|Any CPU
		{548FA421-6F71-4DFF-96C5-76AA39C788A8}.Release|Any CPU.Build.0 = Release|Any CPU
		{BFBF5645-00EF-4CBC-8B15-D71FB96B1612}.Debug|Any CPU.ActiveCfg = Debug|Any CPU
		{BFBF5645-00EF-4CBC-8B15-D71FB96B1612}.Debug|Any CPU.Build.0 = Debug|Any CPU
		{BFBF5645-00EF-4CBC-8B15-D71FB96B1612}.Release|Any CPU.ActiveCfg = Release|Any CPU
		{BFBF5645-00EF-4CBC-8B15-D71FB96B1612}.Release|Any CPU.Build.0 = Release|Any CPU
		{B3197749-F043-432D-8C79-440FBF19D21F}.Debug|Any CPU.ActiveCfg = Debug|Any CPU
		{B3197749-F043-432D-8C79-440FBF19D21F}.Debug|Any CPU.Build.0 = Debug|Any CPU
		{B3197749-F043-432D-8C79-440FBF19D21F}.Release|Any CPU.ActiveCfg = Release|Any CPU
		{B3197749-F043-432D-8C79-440FBF19D21F}.Release|Any CPU.Build.0 = Release|Any CPU
		{7F2DD9FB-4EB4-4A79-94A7-E144DCA5DA19}.Debug|Any CPU.ActiveCfg = Debug|Any CPU
		{7F2DD9FB-4EB4-4A79-94A7-E144DCA5DA19}.Debug|Any CPU.Build.0 = Debug|Any CPU
		{7F2DD9FB-4EB4-4A79-94A7-E144DCA5DA19}.Release|Any CPU.ActiveCfg = Release|Any CPU
		{7F2DD9FB-4EB4-4A79-94A7-E144DCA5DA19}.Release|Any CPU.Build.0 = Release|Any CPU
		{DD043FCF-124F-4AA8-80BB-06CBD807EF2A}.Debug|Any CPU.ActiveCfg = Debug|Any CPU
		{DD043FCF-124F-4AA8-80BB-06CBD807EF2A}.Debug|Any CPU.Build.0 = Debug|Any CPU
		{DD043FCF-124F-4AA8-80BB-06CBD807EF2A}.Release|Any CPU.ActiveCfg = Release|Any CPU
		{DD043FCF-124F-4AA8-80BB-06CBD807EF2A}.Release|Any CPU.Build.0 = Release|Any CPU
		{518A75D9-D30E-470A-B465-0A4B3D33E15E}.Debug|Any CPU.ActiveCfg = Debug|Any CPU
		{518A75D9-D30E-470A-B465-0A4B3D33E15E}.Debug|Any CPU.Build.0 = Debug|Any CPU
		{518A75D9-D30E-470A-B465-0A4B3D33E15E}.Release|Any CPU.ActiveCfg = Release|Any CPU
		{518A75D9-D30E-470A-B465-0A4B3D33E15E}.Release|Any CPU.Build.0 = Release|Any CPU
		{02CECBC4-9DEE-4CEC-AF72-4392753C814A}.Debug|Any CPU.ActiveCfg = Debug|Any CPU
		{02CECBC4-9DEE-4CEC-AF72-4392753C814A}.Debug|Any CPU.Build.0 = Debug|Any CPU
		{02CECBC4-9DEE-4CEC-AF72-4392753C814A}.Release|Any CPU.ActiveCfg = Release|Any CPU
		{02CECBC4-9DEE-4CEC-AF72-4392753C814A}.Release|Any CPU.Build.0 = Release|Any CPU
		{5EDC6208-550D-4846-9F5B-7F95030C3CAB}.Debug|Any CPU.ActiveCfg = Debug|Any CPU
		{5EDC6208-550D-4846-9F5B-7F95030C3CAB}.Debug|Any CPU.Build.0 = Debug|Any CPU
		{5EDC6208-550D-4846-9F5B-7F95030C3CAB}.Release|Any CPU.ActiveCfg = Release|Any CPU
		{5EDC6208-550D-4846-9F5B-7F95030C3CAB}.Release|Any CPU.Build.0 = Release|Any CPU
		{45A0E024-5B87-4839-B67B-9D03D0B0B216}.Debug|Any CPU.ActiveCfg = Debug|Any CPU
		{45A0E024-5B87-4839-B67B-9D03D0B0B216}.Debug|Any CPU.Build.0 = Debug|Any CPU
		{45A0E024-5B87-4839-B67B-9D03D0B0B216}.Release|Any CPU.ActiveCfg = Release|Any CPU
		{45A0E024-5B87-4839-B67B-9D03D0B0B216}.Release|Any CPU.Build.0 = Release|Any CPU
		{4B54000C-3878-4300-BDD2-30FB4B45CE3D}.Debug|Any CPU.ActiveCfg = Debug|Any CPU
		{4B54000C-3878-4300-BDD2-30FB4B45CE3D}.Debug|Any CPU.Build.0 = Debug|Any CPU
		{4B54000C-3878-4300-BDD2-30FB4B45CE3D}.Release|Any CPU.ActiveCfg = Release|Any CPU
		{4B54000C-3878-4300-BDD2-30FB4B45CE3D}.Release|Any CPU.Build.0 = Release|Any CPU
	EndGlobalSection
	GlobalSection(SolutionProperties) = preSolution
		HideSolutionNode = FALSE
	EndGlobalSection
	GlobalSection(ExtensibilityGlobals) = postSolution
		SolutionGuid = {3815C2C6-E96C-4AE3-98F6-BD60588A6967}
	EndGlobalSection
EndGlobal
