
Microsoft Visual Studio Solution File, Format Version 12.00
# Visual Studio Version 17
VisualStudioVersion = 17.5.33414.496
MinimumVisualStudioVersion = 10.0.40219.1
Project("{9A19103F-16F7-4668-BE54-9A1E7A4F7556}") = "Utilizr.Logging", "Utilizr.Logging\Utilizr.Logging.csproj", "{548FA421-6F71-4DFF-96C5-76AA39C788A8}"
EndProject
Project("{9A19103F-16F7-4668-BE54-9A1E7A4F7556}") = "Utilizr.Globalisation", "Utilizr.Globalisation\Utilizr.Globalisation.csproj", "{BFBF5645-00EF-4CBC-8B15-D71FB96B1612}"
EndProject
Project("{9A19103F-16F7-4668-BE54-9A1E7A4F7556}") = "Utilizr", "Utilizr\Utilizr.csproj", "{B3197749-F043-432D-8C79-440FBF19D21F}"
EndProject
Project("{9A19103F-16F7-4668-BE54-9A1E7A4F7556}") = "Utilizr.Win32", "Utilizr.Win32\Utilizr.Win32.csproj", "{7F2DD9FB-4EB4-4A79-94A7-E144DCA5DA19}"
EndProject
Project("{9A19103F-16F7-4668-BE54-9A1E7A4F7556}") = "Utilizr.WPF", "Utilizr.WPF\Utilizr.WPF.csproj", "{DD043FCF-124F-4AA8-80BB-06CBD807EF2A}"
EndProject
Project("{9A19103F-16F7-4668-BE54-9A1E7A4F7556}") = "Utilizr.Win", "Utilizr.Win\Utilizr.Win.csproj", "{518A75D9-D30E-470A-B465-0A4B3D33E15E}"
EndProject
Project("{9A19103F-16F7-4668-BE54-9A1E7A4F7556}") = "Utilizr.Tests", "Utilizr.Tests\Utilizr.Tests.csproj", "{02CECBC4-9DEE-4CEC-AF72-4392753C814A}"
EndProject
Project("{9A19103F-16F7-4668-BE54-9A1E7A4F7556}") = "Utilizr.Globalisation.Tests", "Utilizr.Globalisation.Tests\Utilizr.Globalisation.Tests.csproj", "{5EDC6208-550D-4846-9F5B-7F95030C3CAB}"
EndProject
Project("{9A19103F-16F7-4668-BE54-9A1E7A4F7556}") = "Utilizr.Logging.Tests", "Utilizr.Logging.Tests\Utilizr.Logging.Tests.csproj", "{45A0E024-5B87-4839-B67B-9D03D0B0B216}"
EndProject
Project("{9A19103F-16F7-4668-BE54-9A1E7A4F7556}") = "Utilizr.Win.Tests", "Utilizr.Win.Tests\Utilizr.Win.Tests.csproj", "{4B54000C-3878-4300-BDD2-30FB4B45CE3D}"
EndProject
Project("{9A19103F-16F7-4668-BE54-9A1E7A4F7556}") = "Utilizr.Console", "Utilizr.Console\Utilizr.Console.csproj", "{780A59C6-2B42-403A-914E-E30BD2BF39C0}"
EndProject
Project("{9A19103F-16F7-4668-BE54-9A1E7A4F7556}") = "Utilizr.Vpn", "Utilizr.Vpn\Utilizr.Vpn.csproj", "{AD4B3D4D-E180-4082-A5A7-93001DBF9C58}"
EndProject
Project("{8BC9CEB8-8B4A-11D0-8D11-00A0C91BC942}") = "Utilizr.Ras", "Utilizr.Ras\Utilizr.Ras.vcxproj", "{8681C85B-4323-478C-AE0B-33E7B11D6FCC}"
EndProject
Project("{9A19103F-16F7-4668-BE54-9A1E7A4F7556}") = "Utilizr.Vpn.Ras", "Utilizr.Vpn.Ras\Utilizr.Vpn.Ras.csproj", "{1ADE846E-9A54-49C5-85FE-28C5F6DCF745}"
EndProject
Project("{8BC9CEB8-8B4A-11D0-8D11-00A0C91BC942}") = "Raslib", "Raslib\Raslib.vcxproj", "{F2B76098-3236-42BE-AC91-95B6EA777DE6}"
EndProject
Project("{8BC9CEB8-8B4A-11D0-8D11-00A0C91BC942}") = "Netlib", "Netlib\Netlib.vcxproj", "{C0DF47E8-DA59-4799-977B-12B973FB5450}"
EndProject
Project("{FAE04EC0-301F-11D3-BF4B-00C04F79EFBC}") = "Utilizr.Win.TrayIcon", "Utilizr.Win.TrayIcon\Utilizr.Win.TrayIcon.csproj", "{F09575E7-7DBD-4AE5-B66C-D1604D7C8E28}"
EndProject
Project("{FAE04EC0-301F-11D3-BF4B-00C04F79EFBC}") = "get_parent_process_id", "Utilizr.Win.Tests.get_parent_process_id\get_parent_process_id.csproj", "{1C62584A-FC94-4BFA-9E72-C6ABE3DE0363}"
EndProject
Global
	GlobalSection(SolutionConfigurationPlatforms) = preSolution
		Debug|Any CPU = Debug|Any CPU
		Debug|ARM64 = Debug|ARM64
		Debug|x64 = Debug|x64
		Debug|x86 = Debug|x86
		Release|Any CPU = Release|Any CPU
		Release|ARM64 = Release|ARM64
		Release|x64 = Release|x64
		Release|x86 = Release|x86
	EndGlobalSection
	GlobalSection(ProjectConfigurationPlatforms) = postSolution
		{548FA421-6F71-4DFF-96C5-76AA39C788A8}.Debug|Any CPU.ActiveCfg = Debug|Any CPU
		{548FA421-6F71-4DFF-96C5-76AA39C788A8}.Debug|Any CPU.Build.0 = Debug|Any CPU
		{548FA421-6F71-4DFF-96C5-76AA39C788A8}.Debug|ARM64.ActiveCfg = Debug|Any CPU
		{548FA421-6F71-4DFF-96C5-76AA39C788A8}.Debug|ARM64.Build.0 = Debug|Any CPU
		{548FA421-6F71-4DFF-96C5-76AA39C788A8}.Debug|x64.ActiveCfg = Debug|Any CPU
		{548FA421-6F71-4DFF-96C5-76AA39C788A8}.Debug|x64.Build.0 = Debug|Any CPU
		{548FA421-6F71-4DFF-96C5-76AA39C788A8}.Debug|x86.ActiveCfg = Debug|Any CPU
		{548FA421-6F71-4DFF-96C5-76AA39C788A8}.Debug|x86.Build.0 = Debug|Any CPU
		{548FA421-6F71-4DFF-96C5-76AA39C788A8}.Release|Any CPU.ActiveCfg = Release|Any CPU
		{548FA421-6F71-4DFF-96C5-76AA39C788A8}.Release|Any CPU.Build.0 = Release|Any CPU
		{548FA421-6F71-4DFF-96C5-76AA39C788A8}.Release|ARM64.ActiveCfg = Release|Any CPU
		{548FA421-6F71-4DFF-96C5-76AA39C788A8}.Release|ARM64.Build.0 = Release|Any CPU
		{548FA421-6F71-4DFF-96C5-76AA39C788A8}.Release|x64.ActiveCfg = Release|Any CPU
		{548FA421-6F71-4DFF-96C5-76AA39C788A8}.Release|x64.Build.0 = Release|Any CPU
		{548FA421-6F71-4DFF-96C5-76AA39C788A8}.Release|x86.ActiveCfg = Release|Any CPU
		{548FA421-6F71-4DFF-96C5-76AA39C788A8}.Release|x86.Build.0 = Release|Any CPU
		{BFBF5645-00EF-4CBC-8B15-D71FB96B1612}.Debug|Any CPU.ActiveCfg = Debug|Any CPU
		{BFBF5645-00EF-4CBC-8B15-D71FB96B1612}.Debug|Any CPU.Build.0 = Debug|Any CPU
		{BFBF5645-00EF-4CBC-8B15-D71FB96B1612}.Debug|ARM64.ActiveCfg = Debug|Any CPU
		{BFBF5645-00EF-4CBC-8B15-D71FB96B1612}.Debug|ARM64.Build.0 = Debug|Any CPU
		{BFBF5645-00EF-4CBC-8B15-D71FB96B1612}.Debug|x64.ActiveCfg = Debug|Any CPU
		{BFBF5645-00EF-4CBC-8B15-D71FB96B1612}.Debug|x64.Build.0 = Debug|Any CPU
		{BFBF5645-00EF-4CBC-8B15-D71FB96B1612}.Debug|x86.ActiveCfg = Debug|Any CPU
		{BFBF5645-00EF-4CBC-8B15-D71FB96B1612}.Debug|x86.Build.0 = Debug|Any CPU
		{BFBF5645-00EF-4CBC-8B15-D71FB96B1612}.Release|Any CPU.ActiveCfg = Release|Any CPU
		{BFBF5645-00EF-4CBC-8B15-D71FB96B1612}.Release|Any CPU.Build.0 = Release|Any CPU
		{BFBF5645-00EF-4CBC-8B15-D71FB96B1612}.Release|ARM64.ActiveCfg = Release|Any CPU
		{BFBF5645-00EF-4CBC-8B15-D71FB96B1612}.Release|ARM64.Build.0 = Release|Any CPU
		{BFBF5645-00EF-4CBC-8B15-D71FB96B1612}.Release|x64.ActiveCfg = Release|Any CPU
		{BFBF5645-00EF-4CBC-8B15-D71FB96B1612}.Release|x64.Build.0 = Release|Any CPU
		{BFBF5645-00EF-4CBC-8B15-D71FB96B1612}.Release|x86.ActiveCfg = Release|Any CPU
		{BFBF5645-00EF-4CBC-8B15-D71FB96B1612}.Release|x86.Build.0 = Release|Any CPU
		{B3197749-F043-432D-8C79-440FBF19D21F}.Debug|Any CPU.ActiveCfg = Debug|Any CPU
		{B3197749-F043-432D-8C79-440FBF19D21F}.Debug|Any CPU.Build.0 = Debug|Any CPU
		{B3197749-F043-432D-8C79-440FBF19D21F}.Debug|ARM64.ActiveCfg = Debug|Any CPU
		{B3197749-F043-432D-8C79-440FBF19D21F}.Debug|ARM64.Build.0 = Debug|Any CPU
		{B3197749-F043-432D-8C79-440FBF19D21F}.Debug|x64.ActiveCfg = Debug|Any CPU
		{B3197749-F043-432D-8C79-440FBF19D21F}.Debug|x64.Build.0 = Debug|Any CPU
		{B3197749-F043-432D-8C79-440FBF19D21F}.Debug|x86.ActiveCfg = Debug|Any CPU
		{B3197749-F043-432D-8C79-440FBF19D21F}.Debug|x86.Build.0 = Debug|Any CPU
		{B3197749-F043-432D-8C79-440FBF19D21F}.Release|Any CPU.ActiveCfg = Release|Any CPU
		{B3197749-F043-432D-8C79-440FBF19D21F}.Release|Any CPU.Build.0 = Release|Any CPU
		{B3197749-F043-432D-8C79-440FBF19D21F}.Release|ARM64.ActiveCfg = Release|Any CPU
		{B3197749-F043-432D-8C79-440FBF19D21F}.Release|ARM64.Build.0 = Release|Any CPU
		{B3197749-F043-432D-8C79-440FBF19D21F}.Release|x64.ActiveCfg = Release|Any CPU
		{B3197749-F043-432D-8C79-440FBF19D21F}.Release|x64.Build.0 = Release|Any CPU
		{B3197749-F043-432D-8C79-440FBF19D21F}.Release|x86.ActiveCfg = Release|Any CPU
		{B3197749-F043-432D-8C79-440FBF19D21F}.Release|x86.Build.0 = Release|Any CPU
		{7F2DD9FB-4EB4-4A79-94A7-E144DCA5DA19}.Debug|Any CPU.ActiveCfg = Debug|Any CPU
		{7F2DD9FB-4EB4-4A79-94A7-E144DCA5DA19}.Debug|Any CPU.Build.0 = Debug|Any CPU
		{7F2DD9FB-4EB4-4A79-94A7-E144DCA5DA19}.Debug|ARM64.ActiveCfg = Debug|Any CPU
		{7F2DD9FB-4EB4-4A79-94A7-E144DCA5DA19}.Debug|ARM64.Build.0 = Debug|Any CPU
		{7F2DD9FB-4EB4-4A79-94A7-E144DCA5DA19}.Debug|x64.ActiveCfg = Debug|Any CPU
		{7F2DD9FB-4EB4-4A79-94A7-E144DCA5DA19}.Debug|x64.Build.0 = Debug|Any CPU
		{7F2DD9FB-4EB4-4A79-94A7-E144DCA5DA19}.Debug|x86.ActiveCfg = Debug|Any CPU
		{7F2DD9FB-4EB4-4A79-94A7-E144DCA5DA19}.Debug|x86.Build.0 = Debug|Any CPU
		{7F2DD9FB-4EB4-4A79-94A7-E144DCA5DA19}.Release|Any CPU.ActiveCfg = Release|Any CPU
		{7F2DD9FB-4EB4-4A79-94A7-E144DCA5DA19}.Release|Any CPU.Build.0 = Release|Any CPU
		{7F2DD9FB-4EB4-4A79-94A7-E144DCA5DA19}.Release|ARM64.ActiveCfg = Release|Any CPU
		{7F2DD9FB-4EB4-4A79-94A7-E144DCA5DA19}.Release|ARM64.Build.0 = Release|Any CPU
		{7F2DD9FB-4EB4-4A79-94A7-E144DCA5DA19}.Release|x64.ActiveCfg = Release|Any CPU
		{7F2DD9FB-4EB4-4A79-94A7-E144DCA5DA19}.Release|x64.Build.0 = Release|Any CPU
		{7F2DD9FB-4EB4-4A79-94A7-E144DCA5DA19}.Release|x86.ActiveCfg = Release|Any CPU
		{7F2DD9FB-4EB4-4A79-94A7-E144DCA5DA19}.Release|x86.Build.0 = Release|Any CPU
		{DD043FCF-124F-4AA8-80BB-06CBD807EF2A}.Debug|Any CPU.ActiveCfg = Debug|Any CPU
		{DD043FCF-124F-4AA8-80BB-06CBD807EF2A}.Debug|Any CPU.Build.0 = Debug|Any CPU
		{DD043FCF-124F-4AA8-80BB-06CBD807EF2A}.Debug|ARM64.ActiveCfg = Debug|Any CPU
		{DD043FCF-124F-4AA8-80BB-06CBD807EF2A}.Debug|ARM64.Build.0 = Debug|Any CPU
		{DD043FCF-124F-4AA8-80BB-06CBD807EF2A}.Debug|x64.ActiveCfg = Debug|Any CPU
		{DD043FCF-124F-4AA8-80BB-06CBD807EF2A}.Debug|x64.Build.0 = Debug|Any CPU
		{DD043FCF-124F-4AA8-80BB-06CBD807EF2A}.Debug|x86.ActiveCfg = Debug|Any CPU
		{DD043FCF-124F-4AA8-80BB-06CBD807EF2A}.Debug|x86.Build.0 = Debug|Any CPU
		{DD043FCF-124F-4AA8-80BB-06CBD807EF2A}.Release|Any CPU.ActiveCfg = Release|Any CPU
		{DD043FCF-124F-4AA8-80BB-06CBD807EF2A}.Release|Any CPU.Build.0 = Release|Any CPU
		{DD043FCF-124F-4AA8-80BB-06CBD807EF2A}.Release|ARM64.ActiveCfg = Release|Any CPU
		{DD043FCF-124F-4AA8-80BB-06CBD807EF2A}.Release|ARM64.Build.0 = Release|Any CPU
		{DD043FCF-124F-4AA8-80BB-06CBD807EF2A}.Release|x64.ActiveCfg = Release|Any CPU
		{DD043FCF-124F-4AA8-80BB-06CBD807EF2A}.Release|x64.Build.0 = Release|Any CPU
		{DD043FCF-124F-4AA8-80BB-06CBD807EF2A}.Release|x86.ActiveCfg = Release|Any CPU
		{DD043FCF-124F-4AA8-80BB-06CBD807EF2A}.Release|x86.Build.0 = Release|Any CPU
		{518A75D9-D30E-470A-B465-0A4B3D33E15E}.Debug|Any CPU.ActiveCfg = Debug|Any CPU
		{518A75D9-D30E-470A-B465-0A4B3D33E15E}.Debug|Any CPU.Build.0 = Debug|Any CPU
		{518A75D9-D30E-470A-B465-0A4B3D33E15E}.Debug|ARM64.ActiveCfg = Debug|Any CPU
		{518A75D9-D30E-470A-B465-0A4B3D33E15E}.Debug|ARM64.Build.0 = Debug|Any CPU
		{518A75D9-D30E-470A-B465-0A4B3D33E15E}.Debug|x64.ActiveCfg = Debug|Any CPU
		{518A75D9-D30E-470A-B465-0A4B3D33E15E}.Debug|x64.Build.0 = Debug|Any CPU
		{518A75D9-D30E-470A-B465-0A4B3D33E15E}.Debug|x86.ActiveCfg = Debug|Any CPU
		{518A75D9-D30E-470A-B465-0A4B3D33E15E}.Debug|x86.Build.0 = Debug|Any CPU
		{518A75D9-D30E-470A-B465-0A4B3D33E15E}.Release|Any CPU.ActiveCfg = Release|Any CPU
		{518A75D9-D30E-470A-B465-0A4B3D33E15E}.Release|Any CPU.Build.0 = Release|Any CPU
		{518A75D9-D30E-470A-B465-0A4B3D33E15E}.Release|ARM64.ActiveCfg = Release|Any CPU
		{518A75D9-D30E-470A-B465-0A4B3D33E15E}.Release|ARM64.Build.0 = Release|Any CPU
		{518A75D9-D30E-470A-B465-0A4B3D33E15E}.Release|x64.ActiveCfg = Release|Any CPU
		{518A75D9-D30E-470A-B465-0A4B3D33E15E}.Release|x64.Build.0 = Release|Any CPU
		{518A75D9-D30E-470A-B465-0A4B3D33E15E}.Release|x86.ActiveCfg = Release|Any CPU
		{518A75D9-D30E-470A-B465-0A4B3D33E15E}.Release|x86.Build.0 = Release|Any CPU
		{02CECBC4-9DEE-4CEC-AF72-4392753C814A}.Debug|Any CPU.ActiveCfg = Debug|Any CPU
		{02CECBC4-9DEE-4CEC-AF72-4392753C814A}.Debug|Any CPU.Build.0 = Debug|Any CPU
		{02CECBC4-9DEE-4CEC-AF72-4392753C814A}.Debug|ARM64.ActiveCfg = Debug|Any CPU
		{02CECBC4-9DEE-4CEC-AF72-4392753C814A}.Debug|ARM64.Build.0 = Debug|Any CPU
		{02CECBC4-9DEE-4CEC-AF72-4392753C814A}.Debug|x64.ActiveCfg = Debug|Any CPU
		{02CECBC4-9DEE-4CEC-AF72-4392753C814A}.Debug|x64.Build.0 = Debug|Any CPU
		{02CECBC4-9DEE-4CEC-AF72-4392753C814A}.Debug|x86.ActiveCfg = Debug|Any CPU
		{02CECBC4-9DEE-4CEC-AF72-4392753C814A}.Debug|x86.Build.0 = Debug|Any CPU
		{02CECBC4-9DEE-4CEC-AF72-4392753C814A}.Release|Any CPU.ActiveCfg = Release|Any CPU
		{02CECBC4-9DEE-4CEC-AF72-4392753C814A}.Release|Any CPU.Build.0 = Release|Any CPU
		{02CECBC4-9DEE-4CEC-AF72-4392753C814A}.Release|ARM64.ActiveCfg = Release|Any CPU
		{02CECBC4-9DEE-4CEC-AF72-4392753C814A}.Release|ARM64.Build.0 = Release|Any CPU
		{02CECBC4-9DEE-4CEC-AF72-4392753C814A}.Release|x64.ActiveCfg = Release|Any CPU
		{02CECBC4-9DEE-4CEC-AF72-4392753C814A}.Release|x64.Build.0 = Release|Any CPU
		{02CECBC4-9DEE-4CEC-AF72-4392753C814A}.Release|x86.ActiveCfg = Release|Any CPU
		{02CECBC4-9DEE-4CEC-AF72-4392753C814A}.Release|x86.Build.0 = Release|Any CPU
		{5EDC6208-550D-4846-9F5B-7F95030C3CAB}.Debug|Any CPU.ActiveCfg = Debug|Any CPU
		{5EDC6208-550D-4846-9F5B-7F95030C3CAB}.Debug|Any CPU.Build.0 = Debug|Any CPU
		{5EDC6208-550D-4846-9F5B-7F95030C3CAB}.Debug|ARM64.ActiveCfg = Debug|Any CPU
		{5EDC6208-550D-4846-9F5B-7F95030C3CAB}.Debug|ARM64.Build.0 = Debug|Any CPU
		{5EDC6208-550D-4846-9F5B-7F95030C3CAB}.Debug|x64.ActiveCfg = Debug|Any CPU
		{5EDC6208-550D-4846-9F5B-7F95030C3CAB}.Debug|x64.Build.0 = Debug|Any CPU
		{5EDC6208-550D-4846-9F5B-7F95030C3CAB}.Debug|x86.ActiveCfg = Debug|Any CPU
		{5EDC6208-550D-4846-9F5B-7F95030C3CAB}.Debug|x86.Build.0 = Debug|Any CPU
		{5EDC6208-550D-4846-9F5B-7F95030C3CAB}.Release|Any CPU.ActiveCfg = Release|Any CPU
		{5EDC6208-550D-4846-9F5B-7F95030C3CAB}.Release|Any CPU.Build.0 = Release|Any CPU
		{5EDC6208-550D-4846-9F5B-7F95030C3CAB}.Release|ARM64.ActiveCfg = Release|Any CPU
		{5EDC6208-550D-4846-9F5B-7F95030C3CAB}.Release|ARM64.Build.0 = Release|Any CPU
		{5EDC6208-550D-4846-9F5B-7F95030C3CAB}.Release|x64.ActiveCfg = Release|Any CPU
		{5EDC6208-550D-4846-9F5B-7F95030C3CAB}.Release|x64.Build.0 = Release|Any CPU
		{5EDC6208-550D-4846-9F5B-7F95030C3CAB}.Release|x86.ActiveCfg = Release|Any CPU
		{5EDC6208-550D-4846-9F5B-7F95030C3CAB}.Release|x86.Build.0 = Release|Any CPU
		{45A0E024-5B87-4839-B67B-9D03D0B0B216}.Debug|Any CPU.ActiveCfg = Debug|Any CPU
		{45A0E024-5B87-4839-B67B-9D03D0B0B216}.Debug|Any CPU.Build.0 = Debug|Any CPU
		{45A0E024-5B87-4839-B67B-9D03D0B0B216}.Debug|ARM64.ActiveCfg = Debug|Any CPU
		{45A0E024-5B87-4839-B67B-9D03D0B0B216}.Debug|ARM64.Build.0 = Debug|Any CPU
		{45A0E024-5B87-4839-B67B-9D03D0B0B216}.Debug|x64.ActiveCfg = Debug|Any CPU
		{45A0E024-5B87-4839-B67B-9D03D0B0B216}.Debug|x64.Build.0 = Debug|Any CPU
		{45A0E024-5B87-4839-B67B-9D03D0B0B216}.Debug|x86.ActiveCfg = Debug|Any CPU
		{45A0E024-5B87-4839-B67B-9D03D0B0B216}.Debug|x86.Build.0 = Debug|Any CPU
		{45A0E024-5B87-4839-B67B-9D03D0B0B216}.Release|Any CPU.ActiveCfg = Release|Any CPU
		{45A0E024-5B87-4839-B67B-9D03D0B0B216}.Release|Any CPU.Build.0 = Release|Any CPU
		{45A0E024-5B87-4839-B67B-9D03D0B0B216}.Release|ARM64.ActiveCfg = Release|Any CPU
		{45A0E024-5B87-4839-B67B-9D03D0B0B216}.Release|ARM64.Build.0 = Release|Any CPU
		{45A0E024-5B87-4839-B67B-9D03D0B0B216}.Release|x64.ActiveCfg = Release|Any CPU
		{45A0E024-5B87-4839-B67B-9D03D0B0B216}.Release|x64.Build.0 = Release|Any CPU
		{45A0E024-5B87-4839-B67B-9D03D0B0B216}.Release|x86.ActiveCfg = Release|Any CPU
		{45A0E024-5B87-4839-B67B-9D03D0B0B216}.Release|x86.Build.0 = Release|Any CPU
		{4B54000C-3878-4300-BDD2-30FB4B45CE3D}.Debug|Any CPU.ActiveCfg = Debug|Any CPU
		{4B54000C-3878-4300-BDD2-30FB4B45CE3D}.Debug|Any CPU.Build.0 = Debug|Any CPU
		{4B54000C-3878-4300-BDD2-30FB4B45CE3D}.Debug|ARM64.ActiveCfg = Debug|Any CPU
		{4B54000C-3878-4300-BDD2-30FB4B45CE3D}.Debug|ARM64.Build.0 = Debug|Any CPU
		{4B54000C-3878-4300-BDD2-30FB4B45CE3D}.Debug|x64.ActiveCfg = Debug|Any CPU
		{4B54000C-3878-4300-BDD2-30FB4B45CE3D}.Debug|x64.Build.0 = Debug|Any CPU
		{4B54000C-3878-4300-BDD2-30FB4B45CE3D}.Debug|x86.ActiveCfg = Debug|Any CPU
		{4B54000C-3878-4300-BDD2-30FB4B45CE3D}.Debug|x86.Build.0 = Debug|Any CPU
		{4B54000C-3878-4300-BDD2-30FB4B45CE3D}.Release|Any CPU.ActiveCfg = Release|Any CPU
		{4B54000C-3878-4300-BDD2-30FB4B45CE3D}.Release|Any CPU.Build.0 = Release|Any CPU
		{4B54000C-3878-4300-BDD2-30FB4B45CE3D}.Release|ARM64.ActiveCfg = Release|Any CPU
		{4B54000C-3878-4300-BDD2-30FB4B45CE3D}.Release|ARM64.Build.0 = Release|Any CPU
		{4B54000C-3878-4300-BDD2-30FB4B45CE3D}.Release|x64.ActiveCfg = Release|Any CPU
		{4B54000C-3878-4300-BDD2-30FB4B45CE3D}.Release|x64.Build.0 = Release|Any CPU
		{4B54000C-3878-4300-BDD2-30FB4B45CE3D}.Release|x86.ActiveCfg = Release|Any CPU
		{4B54000C-3878-4300-BDD2-30FB4B45CE3D}.Release|x86.Build.0 = Release|Any CPU
		{780A59C6-2B42-403A-914E-E30BD2BF39C0}.Debug|Any CPU.ActiveCfg = Debug|Any CPU
		{780A59C6-2B42-403A-914E-E30BD2BF39C0}.Debug|Any CPU.Build.0 = Debug|Any CPU
		{780A59C6-2B42-403A-914E-E30BD2BF39C0}.Debug|ARM64.ActiveCfg = Debug|Any CPU
		{780A59C6-2B42-403A-914E-E30BD2BF39C0}.Debug|ARM64.Build.0 = Debug|Any CPU
		{780A59C6-2B42-403A-914E-E30BD2BF39C0}.Debug|x64.ActiveCfg = Debug|Any CPU
		{780A59C6-2B42-403A-914E-E30BD2BF39C0}.Debug|x64.Build.0 = Debug|Any CPU
		{780A59C6-2B42-403A-914E-E30BD2BF39C0}.Debug|x86.ActiveCfg = Debug|Any CPU
		{780A59C6-2B42-403A-914E-E30BD2BF39C0}.Debug|x86.Build.0 = Debug|Any CPU
		{780A59C6-2B42-403A-914E-E30BD2BF39C0}.Release|Any CPU.ActiveCfg = Release|Any CPU
		{780A59C6-2B42-403A-914E-E30BD2BF39C0}.Release|Any CPU.Build.0 = Release|Any CPU
		{780A59C6-2B42-403A-914E-E30BD2BF39C0}.Release|ARM64.ActiveCfg = Release|Any CPU
		{780A59C6-2B42-403A-914E-E30BD2BF39C0}.Release|ARM64.Build.0 = Release|Any CPU
		{780A59C6-2B42-403A-914E-E30BD2BF39C0}.Release|x64.ActiveCfg = Release|Any CPU
		{780A59C6-2B42-403A-914E-E30BD2BF39C0}.Release|x64.Build.0 = Release|Any CPU
		{780A59C6-2B42-403A-914E-E30BD2BF39C0}.Release|x86.ActiveCfg = Release|Any CPU
		{780A59C6-2B42-403A-914E-E30BD2BF39C0}.Release|x86.Build.0 = Release|Any CPU
		{AD4B3D4D-E180-4082-A5A7-93001DBF9C58}.Debug|Any CPU.ActiveCfg = Debug|Any CPU
		{AD4B3D4D-E180-4082-A5A7-93001DBF9C58}.Debug|Any CPU.Build.0 = Debug|Any CPU
		{AD4B3D4D-E180-4082-A5A7-93001DBF9C58}.Debug|ARM64.ActiveCfg = Debug|Any CPU
		{AD4B3D4D-E180-4082-A5A7-93001DBF9C58}.Debug|ARM64.Build.0 = Debug|Any CPU
		{AD4B3D4D-E180-4082-A5A7-93001DBF9C58}.Debug|x64.ActiveCfg = Debug|Any CPU
		{AD4B3D4D-E180-4082-A5A7-93001DBF9C58}.Debug|x64.Build.0 = Debug|Any CPU
		{AD4B3D4D-E180-4082-A5A7-93001DBF9C58}.Debug|x86.ActiveCfg = Debug|Any CPU
		{AD4B3D4D-E180-4082-A5A7-93001DBF9C58}.Debug|x86.Build.0 = Debug|Any CPU
		{AD4B3D4D-E180-4082-A5A7-93001DBF9C58}.Release|Any CPU.ActiveCfg = Release|Any CPU
		{AD4B3D4D-E180-4082-A5A7-93001DBF9C58}.Release|Any CPU.Build.0 = Release|Any CPU
		{AD4B3D4D-E180-4082-A5A7-93001DBF9C58}.Release|ARM64.ActiveCfg = Release|Any CPU
		{AD4B3D4D-E180-4082-A5A7-93001DBF9C58}.Release|ARM64.Build.0 = Release|Any CPU
		{AD4B3D4D-E180-4082-A5A7-93001DBF9C58}.Release|x64.ActiveCfg = Release|Any CPU
		{AD4B3D4D-E180-4082-A5A7-93001DBF9C58}.Release|x64.Build.0 = Release|Any CPU
		{AD4B3D4D-E180-4082-A5A7-93001DBF9C58}.Release|x86.ActiveCfg = Release|Any CPU
		{AD4B3D4D-E180-4082-A5A7-93001DBF9C58}.Release|x86.Build.0 = Release|Any CPU
		{8681C85B-4323-478C-AE0B-33E7B11D6FCC}.Debug|Any CPU.ActiveCfg = Debug|Win32
		{8681C85B-4323-478C-AE0B-33E7B11D6FCC}.Debug|Any CPU.Build.0 = Debug|Win32
		{8681C85B-4323-478C-AE0B-33E7B11D6FCC}.Debug|ARM64.ActiveCfg = Debug|ARM64
		{8681C85B-4323-478C-AE0B-33E7B11D6FCC}.Debug|ARM64.Build.0 = Debug|ARM64
		{8681C85B-4323-478C-AE0B-33E7B11D6FCC}.Debug|x64.ActiveCfg = Debug|x64
		{8681C85B-4323-478C-AE0B-33E7B11D6FCC}.Debug|x64.Build.0 = Debug|x64
		{8681C85B-4323-478C-AE0B-33E7B11D6FCC}.Debug|x86.ActiveCfg = Debug|Win32
		{8681C85B-4323-478C-AE0B-33E7B11D6FCC}.Debug|x86.Build.0 = Debug|Win32
		{8681C85B-4323-478C-AE0B-33E7B11D6FCC}.Release|Any CPU.ActiveCfg = Release|Win32
		{8681C85B-4323-478C-AE0B-33E7B11D6FCC}.Release|Any CPU.Build.0 = Release|Win32
		{8681C85B-4323-478C-AE0B-33E7B11D6FCC}.Release|ARM64.ActiveCfg = Release|ARM64
		{8681C85B-4323-478C-AE0B-33E7B11D6FCC}.Release|ARM64.Build.0 = Release|ARM64
		{8681C85B-4323-478C-AE0B-33E7B11D6FCC}.Release|x64.ActiveCfg = Release|x64
		{8681C85B-4323-478C-AE0B-33E7B11D6FCC}.Release|x64.Build.0 = Release|x64
		{8681C85B-4323-478C-AE0B-33E7B11D6FCC}.Release|x86.ActiveCfg = Release|Win32
		{8681C85B-4323-478C-AE0B-33E7B11D6FCC}.Release|x86.Build.0 = Release|Win32
		{1ADE846E-9A54-49C5-85FE-28C5F6DCF745}.Debug|Any CPU.ActiveCfg = Debug|Any CPU
		{1ADE846E-9A54-49C5-85FE-28C5F6DCF745}.Debug|Any CPU.Build.0 = Debug|Any CPU
		{1ADE846E-9A54-49C5-85FE-28C5F6DCF745}.Debug|ARM64.ActiveCfg = Debug|Any CPU
		{1ADE846E-9A54-49C5-85FE-28C5F6DCF745}.Debug|ARM64.Build.0 = Debug|Any CPU
		{1ADE846E-9A54-49C5-85FE-28C5F6DCF745}.Debug|x64.ActiveCfg = Debug|Any CPU
		{1ADE846E-9A54-49C5-85FE-28C5F6DCF745}.Debug|x64.Build.0 = Debug|Any CPU
		{1ADE846E-9A54-49C5-85FE-28C5F6DCF745}.Debug|x86.ActiveCfg = Debug|Any CPU
		{1ADE846E-9A54-49C5-85FE-28C5F6DCF745}.Debug|x86.Build.0 = Debug|Any CPU
		{1ADE846E-9A54-49C5-85FE-28C5F6DCF745}.Release|Any CPU.ActiveCfg = Release|Any CPU
		{1ADE846E-9A54-49C5-85FE-28C5F6DCF745}.Release|Any CPU.Build.0 = Release|Any CPU
		{1ADE846E-9A54-49C5-85FE-28C5F6DCF745}.Release|ARM64.ActiveCfg = Release|Any CPU
		{1ADE846E-9A54-49C5-85FE-28C5F6DCF745}.Release|ARM64.Build.0 = Release|Any CPU
		{1ADE846E-9A54-49C5-85FE-28C5F6DCF745}.Release|x64.ActiveCfg = Release|Any CPU
		{1ADE846E-9A54-49C5-85FE-28C5F6DCF745}.Release|x64.Build.0 = Release|Any CPU
		{1ADE846E-9A54-49C5-85FE-28C5F6DCF745}.Release|x86.ActiveCfg = Release|Any CPU
		{1ADE846E-9A54-49C5-85FE-28C5F6DCF745}.Release|x86.Build.0 = Release|Any CPU
		{F2B76098-3236-42BE-AC91-95B6EA777DE6}.Debug|Any CPU.ActiveCfg = Debug|Win32
		{F2B76098-3236-42BE-AC91-95B6EA777DE6}.Debug|Any CPU.Build.0 = Debug|Win32
		{F2B76098-3236-42BE-AC91-95B6EA777DE6}.Debug|ARM64.ActiveCfg = Debug|ARM64
		{F2B76098-3236-42BE-AC91-95B6EA777DE6}.Debug|ARM64.Build.0 = Debug|ARM64
		{F2B76098-3236-42BE-AC91-95B6EA777DE6}.Debug|x64.ActiveCfg = Debug|x64
		{F2B76098-3236-42BE-AC91-95B6EA777DE6}.Debug|x64.Build.0 = Debug|x64
		{F2B76098-3236-42BE-AC91-95B6EA777DE6}.Debug|x86.ActiveCfg = Debug|Win32
		{F2B76098-3236-42BE-AC91-95B6EA777DE6}.Debug|x86.Build.0 = Debug|Win32
		{F2B76098-3236-42BE-AC91-95B6EA777DE6}.Release|Any CPU.ActiveCfg = Release|Win32
		{F2B76098-3236-42BE-AC91-95B6EA777DE6}.Release|Any CPU.Build.0 = Release|Win32
		{F2B76098-3236-42BE-AC91-95B6EA777DE6}.Release|ARM64.ActiveCfg = Release|ARM64
		{F2B76098-3236-42BE-AC91-95B6EA777DE6}.Release|ARM64.Build.0 = Release|ARM64
		{F2B76098-3236-42BE-AC91-95B6EA777DE6}.Release|x64.ActiveCfg = Release|x64
		{F2B76098-3236-42BE-AC91-95B6EA777DE6}.Release|x64.Build.0 = Release|x64
		{F2B76098-3236-42BE-AC91-95B6EA777DE6}.Release|x86.ActiveCfg = Release|Win32
		{F2B76098-3236-42BE-AC91-95B6EA777DE6}.Release|x86.Build.0 = Release|Win32
		{C0DF47E8-DA59-4799-977B-12B973FB5450}.Debug|Any CPU.ActiveCfg = Debug|Win32
		{C0DF47E8-DA59-4799-977B-12B973FB5450}.Debug|Any CPU.Build.0 = Debug|Win32
		{C0DF47E8-DA59-4799-977B-12B973FB5450}.Debug|ARM64.ActiveCfg = Debug|ARM64
		{C0DF47E8-DA59-4799-977B-12B973FB5450}.Debug|ARM64.Build.0 = Debug|ARM64
		{C0DF47E8-DA59-4799-977B-12B973FB5450}.Debug|x64.ActiveCfg = Debug|x64
		{C0DF47E8-DA59-4799-977B-12B973FB5450}.Debug|x64.Build.0 = Debug|x64
		{C0DF47E8-DA59-4799-977B-12B973FB5450}.Debug|x86.ActiveCfg = Debug|Win32
		{C0DF47E8-DA59-4799-977B-12B973FB5450}.Debug|x86.Build.0 = Debug|Win32
		{C0DF47E8-DA59-4799-977B-12B973FB5450}.Release|Any CPU.ActiveCfg = Release|Win32
		{C0DF47E8-DA59-4799-977B-12B973FB5450}.Release|Any CPU.Build.0 = Release|Win32
		{C0DF47E8-DA59-4799-977B-12B973FB5450}.Release|ARM64.ActiveCfg = Release|ARM64
		{C0DF47E8-DA59-4799-977B-12B973FB5450}.Release|ARM64.Build.0 = Release|ARM64
		{C0DF47E8-DA59-4799-977B-12B973FB5450}.Release|x64.ActiveCfg = Release|x64
		{C0DF47E8-DA59-4799-977B-12B973FB5450}.Release|x64.Build.0 = Release|x64
		{C0DF47E8-DA59-4799-977B-12B973FB5450}.Release|x86.ActiveCfg = Release|Win32
		{C0DF47E8-DA59-4799-977B-12B973FB5450}.Release|x86.Build.0 = Release|Win32
		{F09575E7-7DBD-4AE5-B66C-D1604D7C8E28}.Debug|Any CPU.ActiveCfg = Debug|Any CPU
		{F09575E7-7DBD-4AE5-B66C-D1604D7C8E28}.Debug|Any CPU.Build.0 = Debug|Any CPU
		{F09575E7-7DBD-4AE5-B66C-D1604D7C8E28}.Debug|ARM64.ActiveCfg = Debug|Any CPU
		{F09575E7-7DBD-4AE5-B66C-D1604D7C8E28}.Debug|ARM64.Build.0 = Debug|Any CPU
		{F09575E7-7DBD-4AE5-B66C-D1604D7C8E28}.Debug|x64.ActiveCfg = Debug|Any CPU
		{F09575E7-7DBD-4AE5-B66C-D1604D7C8E28}.Debug|x64.Build.0 = Debug|Any CPU
		{F09575E7-7DBD-4AE5-B66C-D1604D7C8E28}.Debug|x86.ActiveCfg = Debug|Any CPU
		{F09575E7-7DBD-4AE5-B66C-D1604D7C8E28}.Debug|x86.Build.0 = Debug|Any CPU
		{F09575E7-7DBD-4AE5-B66C-D1604D7C8E28}.Release|Any CPU.ActiveCfg = Release|Any CPU
		{F09575E7-7DBD-4AE5-B66C-D1604D7C8E28}.Release|Any CPU.Build.0 = Release|Any CPU
		{F09575E7-7DBD-4AE5-B66C-D1604D7C8E28}.Release|ARM64.ActiveCfg = Release|Any CPU
		{F09575E7-7DBD-4AE5-B66C-D1604D7C8E28}.Release|ARM64.Build.0 = Release|Any CPU
		{F09575E7-7DBD-4AE5-B66C-D1604D7C8E28}.Release|x64.ActiveCfg = Release|Any CPU
		{F09575E7-7DBD-4AE5-B66C-D1604D7C8E28}.Release|x64.Build.0 = Release|Any CPU
		{F09575E7-7DBD-4AE5-B66C-D1604D7C8E28}.Release|x86.ActiveCfg = Release|Any CPU
		{F09575E7-7DBD-4AE5-B66C-D1604D7C8E28}.Release|x86.Build.0 = Release|Any CPU
		{1C62584A-FC94-4BFA-9E72-C6ABE3DE0363}.Debug|Any CPU.ActiveCfg = Debug|Any CPU
		{1C62584A-FC94-4BFA-9E72-C6ABE3DE0363}.Debug|Any CPU.Build.0 = Debug|Any CPU
		{1C62584A-FC94-4BFA-9E72-C6ABE3DE0363}.Debug|ARM64.ActiveCfg = Debug|Any CPU
		{1C62584A-FC94-4BFA-9E72-C6ABE3DE0363}.Debug|ARM64.Build.0 = Debug|Any CPU
		{1C62584A-FC94-4BFA-9E72-C6ABE3DE0363}.Debug|x64.ActiveCfg = Debug|Any CPU
		{1C62584A-FC94-4BFA-9E72-C6ABE3DE0363}.Debug|x64.Build.0 = Debug|Any CPU
		{1C62584A-FC94-4BFA-9E72-C6ABE3DE0363}.Debug|x86.ActiveCfg = Debug|Any CPU
		{1C62584A-FC94-4BFA-9E72-C6ABE3DE0363}.Debug|x86.Build.0 = Debug|Any CPU
		{1C62584A-FC94-4BFA-9E72-C6ABE3DE0363}.Release|Any CPU.ActiveCfg = Release|Any CPU
		{1C62584A-FC94-4BFA-9E72-C6ABE3DE0363}.Release|Any CPU.Build.0 = Release|Any CPU
		{1C62584A-FC94-4BFA-9E72-C6ABE3DE0363}.Release|ARM64.ActiveCfg = Release|Any CPU
		{1C62584A-FC94-4BFA-9E72-C6ABE3DE0363}.Release|ARM64.Build.0 = Release|Any CPU
		{1C62584A-FC94-4BFA-9E72-C6ABE3DE0363}.Release|x64.ActiveCfg = Release|Any CPU
		{1C62584A-FC94-4BFA-9E72-C6ABE3DE0363}.Release|x64.Build.0 = Release|Any CPU
		{1C62584A-FC94-4BFA-9E72-C6ABE3DE0363}.Release|x86.ActiveCfg = Release|Any CPU
		{1C62584A-FC94-4BFA-9E72-C6ABE3DE0363}.Release|x86.Build.0 = Release|Any CPU
	EndGlobalSection
	GlobalSection(SolutionProperties) = preSolution
		HideSolutionNode = FALSE
	EndGlobalSection
	GlobalSection(ExtensibilityGlobals) = postSolution
		SolutionGuid = {3815C2C6-E96C-4AE3-98F6-BD60588A6967}
	EndGlobalSection
EndGlobal
